
Microsoft Visual Studio Solution File, Format Version 12.00
# Visual Studio Version 16
VisualStudioVersion = 16.0.29920.165
MinimumVisualStudioVersion = 10.0.40219.1
Project("{9A19103F-16F7-4668-BE54-9A1E7A4F7556}") = "HT.ORM", "HT.ORM.csproj", "{E3DBF2FD-623E-4AFA-B951-165B40ECACE3}"
EndProject
Project("{9A19103F-16F7-4668-BE54-9A1E7A4F7556}") = "HT.Framework", "..\HT.Framework\HT.Framework.csproj", "{4D4013FA-343A-4D23-A85E-3D9B5D9089D8}"
EndProject
Project("{9A19103F-16F7-4668-BE54-9A1E7A4F7556}") = "HT.DAL", "..\HT.DAL\HT.DAL.csproj", "{314A2722-634C-4230-9AB3-9AA0A40064BC}"
EndProject
Project("{9A19103F-16F7-4668-BE54-9A1E7A4F7556}") = "HT.Model", "..\HT.Model\HT.Model.csproj", "{628BC939-2CE9-45EF-AA91-C0D8F7765226}"
EndProject
Project("{9A19103F-16F7-4668-BE54-9A1E7A4F7556}") = "NUnitTestProject1", "..\NUnitTestProject1\NUnitTestProject1.csproj", "{162D123A-42E5-4347-AD73-C74304DF2347}"
EndProject
Project("{9A19103F-16F7-4668-BE54-9A1E7A4F7556}") = "HT.WebApi", "..\HT.WebApi\HT.WebApi.csproj", "{6206AAA5-67BF-4B39-8F0E-37107E3BA7A9}"
EndProject
Project("{FAE04EC0-301F-11D3-BF4B-00C04F79EFBC}") = "HT.IService", "..\HT.IService\HT.IService.csproj", "{8EAE59AD-C4A7-4D4E-986B-2E46A6AC1F2C}"
EndProject
Project("{FAE04EC0-301F-11D3-BF4B-00C04F79EFBC}") = "HT.Service", "..\HT.Service\HT.Service.csproj", "{4856E671-363F-4CA3-9FBD-D96D85AF9D00}"
EndProject
Project("{FAE04EC0-301F-11D3-BF4B-00C04F79EFBC}") = "Ht.MicroServiceGateway", "..\Ht.MicroServiceGateway\Ht.MicroServiceGateway.csproj", "{4272CBB4-756E-49A7-B17A-BFAB882B4520}"
EndProject
Global
	GlobalSection(SolutionConfigurationPlatforms) = preSolution
		Debug|Any CPU = Debug|Any CPU
		Release|Any CPU = Release|Any CPU
	EndGlobalSection
	GlobalSection(ProjectConfigurationPlatforms) = postSolution
		{E3DBF2FD-623E-4AFA-B951-165B40ECACE3}.Debug|Any CPU.ActiveCfg = Debug|Any CPU
		{E3DBF2FD-623E-4AFA-B951-165B40ECACE3}.Debug|Any CPU.Build.0 = Debug|Any CPU
		{E3DBF2FD-623E-4AFA-B951-165B40ECACE3}.Release|Any CPU.ActiveCfg = Release|Any CPU
		{E3DBF2FD-623E-4AFA-B951-165B40ECACE3}.Release|Any CPU.Build.0 = Release|Any CPU
		{4D4013FA-343A-4D23-A85E-3D9B5D9089D8}.Debug|Any CPU.ActiveCfg = Debug|Any CPU
		{4D4013FA-343A-4D23-A85E-3D9B5D9089D8}.Debug|Any CPU.Build.0 = Debug|Any CPU
		{4D4013FA-343A-4D23-A85E-3D9B5D9089D8}.Release|Any CPU.ActiveCfg = Release|Any CPU
		{4D4013FA-343A-4D23-A85E-3D9B5D9089D8}.Release|Any CPU.Build.0 = Release|Any CPU
		{314A2722-634C-4230-9AB3-9AA0A40064BC}.Debug|Any CPU.ActiveCfg = Debug|Any CPU
		{314A2722-634C-4230-9AB3-9AA0A40064BC}.Debug|Any CPU.Build.0 = Debug|Any CPU
		{314A2722-634C-4230-9AB3-9AA0A40064BC}.Release|Any CPU.ActiveCfg = Release|Any CPU
		{314A2722-634C-4230-9AB3-9AA0A40064BC}.Release|Any CPU.Build.0 = Release|Any CPU
		{628BC939-2CE9-45EF-AA91-C0D8F7765226}.Debug|Any CPU.ActiveCfg = Debug|Any CPU
		{628BC939-2CE9-45EF-AA91-C0D8F7765226}.Debug|Any CPU.Build.0 = Debug|Any CPU
		{628BC939-2CE9-45EF-AA91-C0D8F7765226}.Release|Any CPU.ActiveCfg = Release|Any CPU
		{628BC939-2CE9-45EF-AA91-C0D8F7765226}.Release|Any CPU.Build.0 = Release|Any CPU
		{162D123A-42E5-4347-AD73-C74304DF2347}.Debug|Any CPU.ActiveCfg = Debug|Any CPU
		{162D123A-42E5-4347-AD73-C74304DF2347}.Debug|Any CPU.Build.0 = Debug|Any CPU
		{162D123A-42E5-4347-AD73-C74304DF2347}.Release|Any CPU.ActiveCfg = Release|Any CPU
		{162D123A-42E5-4347-AD73-C74304DF2347}.Release|Any CPU.Build.0 = Release|Any CPU
		{6206AAA5-67BF-4B39-8F0E-37107E3BA7A9}.Debug|Any CPU.ActiveCfg = Debug|Any CPU
		{6206AAA5-67BF-4B39-8F0E-37107E3BA7A9}.Debug|Any CPU.Build.0 = Debug|Any CPU
		{6206AAA5-67BF-4B39-8F0E-37107E3BA7A9}.Release|Any CPU.ActiveCfg = Release|Any CPU
		{6206AAA5-67BF-4B39-8F0E-37107E3BA7A9}.Release|Any CPU.Build.0 = Release|Any CPU
		{8EAE59AD-C4A7-4D4E-986B-2E46A6AC1F2C}.Debug|Any CPU.ActiveCfg = Debug|Any CPU
		{8EAE59AD-C4A7-4D4E-986B-2E46A6AC1F2C}.Debug|Any CPU.Build.0 = Debug|Any CPU
		{8EAE59AD-C4A7-4D4E-986B-2E46A6AC1F2C}.Release|Any CPU.ActiveCfg = Release|Any CPU
		{8EAE59AD-C4A7-4D4E-986B-2E46A6AC1F2C}.Release|Any CPU.Build.0 = Release|Any CPU
		{4856E671-363F-4CA3-9FBD-D96D85AF9D00}.Debug|Any CPU.ActiveCfg = Debug|Any CPU
		{4856E671-363F-4CA3-9FBD-D96D85AF9D00}.Debug|Any CPU.Build.0 = Debug|Any CPU
		{4856E671-363F-4CA3-9FBD-D96D85AF9D00}.Release|Any CPU.ActiveCfg = Release|Any CPU
		{4856E671-363F-4CA3-9FBD-D96D85AF9D00}.Release|Any CPU.Build.0 = Release|Any CPU
		{4272CBB4-756E-49A7-B17A-BFAB882B4520}.Debug|Any CPU.ActiveCfg = Debug|Any CPU
		{4272CBB4-756E-49A7-B17A-BFAB882B4520}.Debug|Any CPU.Build.0 = Debug|Any CPU
		{4272CBB4-756E-49A7-B17A-BFAB882B4520}.Release|Any CPU.ActiveCfg = Release|Any CPU
		{4272CBB4-756E-49A7-B17A-BFAB882B4520}.Release|Any CPU.Build.0 = Release|Any CPU
	EndGlobalSection
	GlobalSection(SolutionProperties) = preSolution
		HideSolutionNode = FALSE
	EndGlobalSection
	GlobalSection(ExtensibilityGlobals) = postSolution
		SolutionGuid = {DF971329-7A5A-4FBC-B011-0B1BFE3B07F6}
	EndGlobalSection
EndGlobal
